
Microsoft Visual Studio Solution File, Format Version 12.00
# Visual Studio Version 16
VisualStudioVersion = 16.0.32428.249
MinimumVisualStudioVersion = 10.0.40219.1
Project("{FAE04EC0-301F-11D3-BF4B-00C04F79EFBC}") = "ImageDemo", "ImageDemo\ImageDemo.csproj", "{7771002B-BCC6-4894-A4F5-C70EC9ABDE56}"
EndProject
Global
	GlobalSection(SolutionConfigurationPlatforms) = preSolution
		Debug|Any CPU = Debug|Any CPU
		Release|Any CPU = Release|Any CPU
	EndGlobalSection
	GlobalSection(ProjectConfigurationPlatforms) = postSolution
		{7771002B-BCC6-4894-A4F5-C70EC9ABDE56}.Debug|Any CPU.ActiveCfg = Debug|Any CPU
		{7771002B-BCC6-4894-A4F5-C70EC9ABDE56}.Debug|Any CPU.Build.0 = Debug|Any CPU
		{7771002B-BCC6-4894-A4F5-C70EC9ABDE56}.Release|Any CPU.ActiveCfg = Release|Any CPU
		{7771002B-BCC6-4894-A4F5-C70EC9ABDE56}.Release|Any CPU.Build.0 = Release|Any CPU
	EndGlobalSection
	GlobalSection(SolutionProperties) = preSolution
		HideSolutionNode = FALSE
	EndGlobalSection
	GlobalSection(ExtensibilityGlobals) = postSolution
		SolutionGuid = {C740F713-222B-4D58-BAFF-26E607B7941D}
	EndGlobalSection
EndGlobal
